<Solution>
  <Project Path="OrigamiPlatform.API/OrigamiPlatform.API.csproj" />
  <Project Path="OrigamiPlatform.Application/OrigamiPlatform.Application.csproj" />
  <Project Path="OrigamiPlatform.Domain/OrigamiPlatform.Domain.csproj" />
  <Project Path="OrigamiPlatform.Infrastructure/OrigamiPlatform.Infrastructure.csproj" />
  <Project Path="OrigamiPlatform.IntegrationTests/OrigamiPlatform.IntegrationTests.csproj" />
  <Project Path="OrigamiPlatform.Tests/OrigamiPlatform.Tests.csproj" />
</Solution>
